{
  "name": "react-ts-quick-starter",
  "version": "1.0.0",
  "lockfileVersion": 1,
  "requires": true,
  "dependencies": {
    "prettier": {
      "version": "2.0.5",
      "resolved": "https://registry.npm.taobao.org/prettier/download/prettier-2.0.5.tgz",
      "integrity": "sha1-1tVigkVSQ/L5LMFxZpLAiqMVItQ=",
      "dev": true
    }
  }
}
